# Auto-generated by mcpp. Do not edit by hand.
# Records what this build resolved. It does not yet pin future builds:
# index dependencies are re-resolved from their constraints each time.
# dev-dependencies are excluded: only `mcpp test` resolves them, and this
# file must not change depending on which command ran last.
version = 2

[package."compat.lua"]
namespace = "compat"
version = "5.4.7"
source  = "index+compat@5.4.7"
hash    = "fnv1a:62ff6fb178577847"

[package."mcpplibs.capi.lua"]
namespace = "mcpplibs.capi"
version = "0.0.3"
source  = "index+mcpplibs.capi@0.0.3"
hash    = "fnv1a:f3031630d0b22d94"

